// !$*UTF8*$!
{
	archiveVersion = 1;
	classes = {
	};
	objectVersion = 51;
	objects = {

/* Begin PBXBuildFile section */
		7A7340DA51F031F3A2B34699 /* Pods_MarchenTests.framework in Frameworks */ = {isa = PBXBuildFile; fileRef = 1361F3B7FA612FDADFAFF881 /* Pods_MarchenTests.framework */; };
		8A6ECBBE631628371CAA5AF8 /* Pods_Marchen_MarchenUITests.framework in Frameworks */ = {isa = PBXBuildFile; fileRef = 1B10657B90B7B00968E444D3 /* Pods_Marchen_MarchenUITests.framework */; };
		C4BA142DA7CD41230E4AFD64 /* Pods_Marchen.framework in Frameworks */ = {isa = PBXBuildFile; fileRef = 115306C7598C6B75F3B55117 /* Pods_Marchen.framework */; };
		E30C029D24CEE80B00EBEEB1 /* MyRepoTableViewController.swift in Sources */ = {isa = PBXBuildFile; fileRef = E30C029C24CEE80B00EBEEB1 /* MyRepoTableViewController.swift */; };
		E30C02A124CEE8FE00EBEEB1 /* LyricModel.swift in Sources */ = {isa = PBXBuildFile; fileRef = E30C02A024CEE8FE00EBEEB1 /* LyricModel.swift */; };
		E30C02A924CEF16200EBEEB1 /* LyricTableViewController.swift in Sources */ = {isa = PBXBuildFile; fileRef = E30C02A724CEF16200EBEEB1 /* LyricTableViewController.swift */; };
		E30C02AD24CEF27A00EBEEB1 /* LyricLineTableViewCell.swift in Sources */ = {isa = PBXBuildFile; fileRef = E30C02AB24CEF27A00EBEEB1 /* LyricLineTableViewCell.swift */; };
		E30C02AE24CEF27A00EBEEB1 /* LyricLineTableViewCell.xib in Resources */ = {isa = PBXBuildFile; fileRef = E30C02AC24CEF27A00EBEEB1 /* LyricLineTableViewCell.xib */; };
		E30C02B024CEF89D00EBEEB1 /* Constants.swift in Sources */ = {isa = PBXBuildFile; fileRef = E30C02AF24CEF89D00EBEEB1 /* Constants.swift */; };
		E30C02B424D1703D00EBEEB1 /* NewSongViewController.swift in Sources */ = {isa = PBXBuildFile; fileRef = E30C02B324D1703D00EBEEB1 /* NewSongViewController.swift */; };
		E30C02B724D1729C00EBEEB1 /* ChordTableViewCell.swift in Sources */ = {isa = PBXBuildFile; fileRef = E30C02B524D1729C00EBEEB1 /* ChordTableViewCell.swift */; };
		E30C02B824D1729C00EBEEB1 /* ChordTableViewCell.xib in Resources */ = {isa = PBXBuildFile; fileRef = E30C02B624D1729C00EBEEB1 /* ChordTableViewCell.xib */; };
		E30C02C324D26A3600EBEEB1 /* ChordPlayViewController.swift in Sources */ = {isa = PBXBuildFile; fileRef = E30C02C224D26A3600EBEEB1 /* ChordPlayViewController.swift */; };
		E30C02C524D2A18D00EBEEB1 /* Key.swift in Sources */ = {isa = PBXBuildFile; fileRef = E30C02C424D2A18D00EBEEB1 /* Key.swift */; };
		E30C02C724D2A1AA00EBEEB1 /* Diatonic.swift in Sources */ = {isa = PBXBuildFile; fileRef = E30C02C624D2A1AA00EBEEB1 /* Diatonic.swift */; };
		E30C02C924D2A1FE00EBEEB1 /* Utils.swift in Sources */ = {isa = PBXBuildFile; fileRef = E30C02C824D2A1FE00EBEEB1 /* Utils.swift */; };
		E30C02CB24D2A48D00EBEEB1 /* Mode.swift in Sources */ = {isa = PBXBuildFile; fileRef = E30C02CA24D2A48D00EBEEB1 /* Mode.swift */; };
		E31EDE2924DC1B2E003D98DA /* Sounds in Resources */ = {isa = PBXBuildFile; fileRef = E31EDE2824DC1B2E003D98DA /* Sounds */; };
		E31EDE2B24DC6E64003D98DA /* MyKeyboardView.swift in Sources */ = {isa = PBXBuildFile; fileRef = E31EDE2A24DC6E64003D98DA /* MyKeyboardView.swift */; };
		E355808324C5A24400DCA763 /* AppDelegate.swift in Sources */ = {isa = PBXBuildFile; fileRef = E355808224C5A24400DCA763 /* AppDelegate.swift */; };
		E355808524C5A24400DCA763 /* SceneDelegate.swift in Sources */ = {isa = PBXBuildFile; fileRef = E355808424C5A24400DCA763 /* SceneDelegate.swift */; };
		E355808A24C5A24400DCA763 /* Main.storyboard in Resources */ = {isa = PBXBuildFile; fileRef = E355808824C5A24400DCA763 /* Main.storyboard */; };
		E355808C24C5A24400DCA763 /* Assets.xcassets in Resources */ = {isa = PBXBuildFile; fileRef = E355808B24C5A24400DCA763 /* Assets.xcassets */; };
		E355808F24C5A24400DCA763 /* LaunchScreen.storyboard in Resources */ = {isa = PBXBuildFile; fileRef = E355808D24C5A24400DCA763 /* LaunchScreen.storyboard */; };
		E355809A24C5A24400DCA763 /* MarchenTests.swift in Sources */ = {isa = PBXBuildFile; fileRef = E355809924C5A24400DCA763 /* MarchenTests.swift */; };
		E35580A524C5A24400DCA763 /* MarchenUITests.swift in Sources */ = {isa = PBXBuildFile; fileRef = E35580A424C5A24400DCA763 /* MarchenUITests.swift */; };
		E3BB255C24D2C4B50008DB34 /* ChordProgressions.swift in Sources */ = {isa = PBXBuildFile; fileRef = E3BB255B24D2C4B50008DB34 /* ChordProgressions.swift */; };
		E3BB255E24D806D80008DB34 /* PaddedLabel.swift in Sources */ = {isa = PBXBuildFile; fileRef = E3BB255D24D806D80008DB34 /* PaddedLabel.swift */; };
		E3BB256024D8097D0008DB34 /* SongEngine.swift in Sources */ = {isa = PBXBuildFile; fileRef = E3BB255F24D8097D0008DB34 /* SongEngine.swift */; };
/* End PBXBuildFile section */

/* Begin PBXContainerItemProxy section */
		E355809624C5A24400DCA763 /* PBXContainerItemProxy */ = {
			isa = PBXContainerItemProxy;
			containerPortal = E355807724C5A24400DCA763 /* Project object */;
			proxyType = 1;
			remoteGlobalIDString = E355807E24C5A24400DCA763;
			remoteInfo = Marchen;
		};
		E35580A124C5A24400DCA763 /* PBXContainerItemProxy */ = {
			isa = PBXContainerItemProxy;
			containerPortal = E355807724C5A24400DCA763 /* Project object */;
			proxyType = 1;
			remoteGlobalIDString = E355807E24C5A24400DCA763;
			remoteInfo = Marchen;
		};
/* End PBXContainerItemProxy section */

/* Begin PBXFileReference section */
		115306C7598C6B75F3B55117 /* Pods_Marchen.framework */ = {isa = PBXFileReference; explicitFileType = wrapper.framework; includeInIndex = 0; path = Pods_Marchen.framework; sourceTree = BUILT_PRODUCTS_DIR; };
		1361F3B7FA612FDADFAFF881 /* Pods_MarchenTests.framework */ = {isa = PBXFileReference; explicitFileType = wrapper.framework; includeInIndex = 0; path = Pods_MarchenTests.framework; sourceTree = BUILT_PRODUCTS_DIR; };
		1B10657B90B7B00968E444D3 /* Pods_Marchen_MarchenUITests.framework */ = {isa = PBXFileReference; explicitFileType = wrapper.framework; includeInIndex = 0; path = Pods_Marchen_MarchenUITests.framework; sourceTree = BUILT_PRODUCTS_DIR; };
		5669ECAA37933777A4EA5A64 /* Pods-Marchen.release.xcconfig */ = {isa = PBXFileReference; includeInIndex = 1; lastKnownFileType = text.xcconfig; name = "Pods-Marchen.release.xcconfig"; path = "Target Support Files/Pods-Marchen/Pods-Marchen.release.xcconfig"; sourceTree = "<group>"; };
		9ECFD253B381B0926E2EF54F /* Pods-Marchen-MarchenUITests.debug.xcconfig */ = {isa = PBXFileReference; includeInIndex = 1; lastKnownFileType = text.xcconfig; name = "Pods-Marchen-MarchenUITests.debug.xcconfig"; path = "Target Support Files/Pods-Marchen-MarchenUITests/Pods-Marchen-MarchenUITests.debug.xcconfig"; sourceTree = "<group>"; };
		A5203BCDC5A85C6E54E916A9 /* Pods-Marchen.debug.xcconfig */ = {isa = PBXFileReference; includeInIndex = 1; lastKnownFileType = text.xcconfig; name = "Pods-Marchen.debug.xcconfig"; path = "Target Support Files/Pods-Marchen/Pods-Marchen.debug.xcconfig"; sourceTree = "<group>"; };
		D4983F8D7C2F9133A6DFC5A4 /* Pods-Marchen-MarchenUITests.release.xcconfig */ = {isa = PBXFileReference; includeInIndex = 1; lastKnownFileType = text.xcconfig; name = "Pods-Marchen-MarchenUITests.release.xcconfig"; path = "Target Support Files/Pods-Marchen-MarchenUITests/Pods-Marchen-MarchenUITests.release.xcconfig"; sourceTree = "<group>"; };
		D60685C7211C8A9AC270E0D2 /* Pods-MarchenTests.release.xcconfig */ = {isa = PBXFileReference; includeInIndex = 1; lastKnownFileType = text.xcconfig; name = "Pods-MarchenTests.release.xcconfig"; path = "Target Support Files/Pods-MarchenTests/Pods-MarchenTests.release.xcconfig"; sourceTree = "<group>"; };
		E30C029C24CEE80B00EBEEB1 /* MyRepoTableViewController.swift */ = {isa = PBXFileReference; lastKnownFileType = sourcecode.swift; path = MyRepoTableViewController.swift; sourceTree = "<group>"; };
		E30C02A024CEE8FE00EBEEB1 /* LyricModel.swift */ = {isa = PBXFileReference; lastKnownFileType = sourcecode.swift; path = LyricModel.swift; sourceTree = "<group>"; };
		E30C02A724CEF16200EBEEB1 /* LyricTableViewController.swift */ = {isa = PBXFileReference; lastKnownFileType = sourcecode.swift; path = LyricTableViewController.swift; sourceTree = "<group>"; };
		E30C02AB24CEF27A00EBEEB1 /* LyricLineTableViewCell.swift */ = {isa = PBXFileReference; lastKnownFileType = sourcecode.swift; path = LyricLineTableViewCell.swift; sourceTree = "<group>"; };
		E30C02AC24CEF27A00EBEEB1 /* LyricLineTableViewCell.xib */ = {isa = PBXFileReference; lastKnownFileType = file.xib; path = LyricLineTableViewCell.xib; sourceTree = "<group>"; };
		E30C02AF24CEF89D00EBEEB1 /* Constants.swift */ = {isa = PBXFileReference; lastKnownFileType = sourcecode.swift; path = Constants.swift; sourceTree = "<group>"; };
		E30C02B324D1703D00EBEEB1 /* NewSongViewController.swift */ = {isa = PBXFileReference; lastKnownFileType = sourcecode.swift; path = NewSongViewController.swift; sourceTree = "<group>"; };
		E30C02B524D1729C00EBEEB1 /* ChordTableViewCell.swift */ = {isa = PBXFileReference; lastKnownFileType = sourcecode.swift; path = ChordTableViewCell.swift; sourceTree = "<group>"; };
		E30C02B624D1729C00EBEEB1 /* ChordTableViewCell.xib */ = {isa = PBXFileReference; lastKnownFileType = file.xib; path = ChordTableViewCell.xib; sourceTree = "<group>"; };
		E30C02C224D26A3600EBEEB1 /* ChordPlayViewController.swift */ = {isa = PBXFileReference; lastKnownFileType = sourcecode.swift; path = ChordPlayViewController.swift; sourceTree = "<group>"; };
		E30C02C424D2A18D00EBEEB1 /* Key.swift */ = {isa = PBXFileReference; lastKnownFileType = sourcecode.swift; path = Key.swift; sourceTree = "<group>"; };
		E30C02C624D2A1AA00EBEEB1 /* Diatonic.swift */ = {isa = PBXFileReference; lastKnownFileType = sourcecode.swift; path = Diatonic.swift; sourceTree = "<group>"; };
		E30C02C824D2A1FE00EBEEB1 /* Utils.swift */ = {isa = PBXFileReference; lastKnownFileType = sourcecode.swift; path = Utils.swift; sourceTree = "<group>"; };
		E30C02CA24D2A48D00EBEEB1 /* Mode.swift */ = {isa = PBXFileReference; lastKnownFileType = sourcecode.swift; path = Mode.swift; sourceTree = "<group>"; };
		E31EDE2824DC1B2E003D98DA /* Sounds */ = {isa = PBXFileReference; lastKnownFileType = folder; path = Sounds; sourceTree = "<group>"; };
		E31EDE2A24DC6E64003D98DA /* MyKeyboardView.swift */ = {isa = PBXFileReference; lastKnownFileType = sourcecode.swift; path = MyKeyboardView.swift; sourceTree = "<group>"; };
		E355807F24C5A24400DCA763 /* Marchen.app */ = {isa = PBXFileReference; explicitFileType = wrapper.application; includeInIndex = 0; path = Marchen.app; sourceTree = BUILT_PRODUCTS_DIR; };
		E355808224C5A24400DCA763 /* AppDelegate.swift */ = {isa = PBXFileReference; lastKnownFileType = sourcecode.swift; path = AppDelegate.swift; sourceTree = "<group>"; };
		E355808424C5A24400DCA763 /* SceneDelegate.swift */ = {isa = PBXFileReference; lastKnownFileType = sourcecode.swift; path = SceneDelegate.swift; sourceTree = "<group>"; };
		E355808924C5A24400DCA763 /* Base */ = {isa = PBXFileReference; lastKnownFileType = file.storyboard; name = Base; path = Base.lproj/Main.storyboard; sourceTree = "<group>"; };
		E355808B24C5A24400DCA763 /* Assets.xcassets */ = {isa = PBXFileReference; lastKnownFileType = folder.assetcatalog; path = Assets.xcassets; sourceTree = "<group>"; };
		E355808E24C5A24400DCA763 /* Base */ = {isa = PBXFileReference; lastKnownFileType = file.storyboard; name = Base; path = Base.lproj/LaunchScreen.storyboard; sourceTree = "<group>"; };
		E355809024C5A24400DCA763 /* Info.plist */ = {isa = PBXFileReference; lastKnownFileType = text.plist.xml; path = Info.plist; sourceTree = "<group>"; };
		E355809524C5A24400DCA763 /* MarchenTests.xctest */ = {isa = PBXFileReference; explicitFileType = wrapper.cfbundle; includeInIndex = 0; path = MarchenTests.xctest; sourceTree = BUILT_PRODUCTS_DIR; };
		E355809924C5A24400DCA763 /* MarchenTests.swift */ = {isa = PBXFileReference; lastKnownFileType = sourcecode.swift; path = MarchenTests.swift; sourceTree = "<group>"; };
		E355809B24C5A24400DCA763 /* Info.plist */ = {isa = PBXFileReference; lastKnownFileType = text.plist.xml; path = Info.plist; sourceTree = "<group>"; };
		E35580A024C5A24400DCA763 /* MarchenUITests.xctest */ = {isa = PBXFileReference; explicitFileType = wrapper.cfbundle; includeInIndex = 0; path = MarchenUITests.xctest; sourceTree = BUILT_PRODUCTS_DIR; };
		E35580A424C5A24400DCA763 /* MarchenUITests.swift */ = {isa = PBXFileReference; lastKnownFileType = sourcecode.swift; path = MarchenUITests.swift; sourceTree = "<group>"; };
		E35580A624C5A24400DCA763 /* Info.plist */ = {isa = PBXFileReference; lastKnownFileType = text.plist.xml; path = Info.plist; sourceTree = "<group>"; };
		E3BB255B24D2C4B50008DB34 /* ChordProgressions.swift */ = {isa = PBXFileReference; lastKnownFileType = sourcecode.swift; path = ChordProgressions.swift; sourceTree = "<group>"; };
		E3BB255D24D806D80008DB34 /* PaddedLabel.swift */ = {isa = PBXFileReference; lastKnownFileType = sourcecode.swift; path = PaddedLabel.swift; sourceTree = "<group>"; };
		E3BB255F24D8097D0008DB34 /* SongEngine.swift */ = {isa = PBXFileReference; lastKnownFileType = sourcecode.swift; path = SongEngine.swift; sourceTree = "<group>"; };
		E3C58BD1F71E32FC0AE9A2C5 /* Pods-MarchenTests.debug.xcconfig */ = {isa = PBXFileReference; includeInIndex = 1; lastKnownFileType = text.xcconfig; name = "Pods-MarchenTests.debug.xcconfig"; path = "Target Support Files/Pods-MarchenTests/Pods-MarchenTests.debug.xcconfig"; sourceTree = "<group>"; };
/* End PBXFileReference section */

/* Begin PBXFrameworksBuildPhase section */
		E355807C24C5A24400DCA763 /* Frameworks */ = {
			isa = PBXFrameworksBuildPhase;
			buildActionMask = 2147483647;
			files = (
				C4BA142DA7CD41230E4AFD64 /* Pods_Marchen.framework in Frameworks */,
			);
			runOnlyForDeploymentPostprocessing = 0;
		};
		E355809224C5A24400DCA763 /* Frameworks */ = {
			isa = PBXFrameworksBuildPhase;
			buildActionMask = 2147483647;
			files = (
				7A7340DA51F031F3A2B34699 /* Pods_MarchenTests.framework in Frameworks */,
			);
			runOnlyForDeploymentPostprocessing = 0;
		};
		E355809D24C5A24400DCA763 /* Frameworks */ = {
			isa = PBXFrameworksBuildPhase;
			buildActionMask = 2147483647;
			files = (
				8A6ECBBE631628371CAA5AF8 /* Pods_Marchen_MarchenUITests.framework in Frameworks */,
			);
			runOnlyForDeploymentPostprocessing = 0;
		};
/* End PBXFrameworksBuildPhase section */

/* Begin PBXGroup section */
		500F26C5935C011EBCF4F617 /* Frameworks */ = {
			isa = PBXGroup;
			children = (
				115306C7598C6B75F3B55117 /* Pods_Marchen.framework */,
				1B10657B90B7B00968E444D3 /* Pods_Marchen_MarchenUITests.framework */,
				1361F3B7FA612FDADFAFF881 /* Pods_MarchenTests.framework */,
			);
			name = Frameworks;
			sourceTree = "<group>";
		};
		96C2DBE9625CB892A933399C /* Pods */ = {
			isa = PBXGroup;
			children = (
				A5203BCDC5A85C6E54E916A9 /* Pods-Marchen.debug.xcconfig */,
				5669ECAA37933777A4EA5A64 /* Pods-Marchen.release.xcconfig */,
				9ECFD253B381B0926E2EF54F /* Pods-Marchen-MarchenUITests.debug.xcconfig */,
				D4983F8D7C2F9133A6DFC5A4 /* Pods-Marchen-MarchenUITests.release.xcconfig */,
				E3C58BD1F71E32FC0AE9A2C5 /* Pods-MarchenTests.debug.xcconfig */,
				D60685C7211C8A9AC270E0D2 /* Pods-MarchenTests.release.xcconfig */,
			);
			path = Pods;
			sourceTree = "<group>";
		};
		E30C029E24CEE81000EBEEB1 /* Controllers */ = {
			isa = PBXGroup;
			children = (
				E30C029C24CEE80B00EBEEB1 /* MyRepoTableViewController.swift */,
				E30C02A724CEF16200EBEEB1 /* LyricTableViewController.swift */,
				E30C02B324D1703D00EBEEB1 /* NewSongViewController.swift */,
				E30C02C224D26A3600EBEEB1 /* ChordPlayViewController.swift */,
			);
			path = Controllers;
			sourceTree = "<group>";
		};
		E30C029F24CEE81A00EBEEB1 /* Views */ = {
			isa = PBXGroup;
			children = (
				E355808824C5A24400DCA763 /* Main.storyboard */,
				E30C02AB24CEF27A00EBEEB1 /* LyricLineTableViewCell.swift */,
				E30C02AC24CEF27A00EBEEB1 /* LyricLineTableViewCell.xib */,
				E30C02B524D1729C00EBEEB1 /* ChordTableViewCell.swift */,
				E30C02B624D1729C00EBEEB1 /* ChordTableViewCell.xib */,
				E3BB255D24D806D80008DB34 /* PaddedLabel.swift */,
				E31EDE2A24DC6E64003D98DA /* MyKeyboardView.swift */,
			);
			path = Views;
			sourceTree = "<group>";
		};
		E30C02A224CEE92D00EBEEB1 /* Models */ = {
			isa = PBXGroup;
			children = (
				E30C02A024CEE8FE00EBEEB1 /* LyricModel.swift */,
				E30C02C424D2A18D00EBEEB1 /* Key.swift */,
				E30C02C624D2A1AA00EBEEB1 /* Diatonic.swift */,
				E30C02C824D2A1FE00EBEEB1 /* Utils.swift */,
				E30C02CA24D2A48D00EBEEB1 /* Mode.swift */,
				E3BB255B24D2C4B50008DB34 /* ChordProgressions.swift */,
				E3BB255F24D8097D0008DB34 /* SongEngine.swift */,
			);
			path = Models;
			sourceTree = "<group>";
		};
		E355807624C5A24400DCA763 = {
			isa = PBXGroup;
			children = (
				E355808124C5A24400DCA763 /* Marchen */,
				E355809824C5A24400DCA763 /* MarchenTests */,
				E35580A324C5A24400DCA763 /* MarchenUITests */,
				E355808024C5A24400DCA763 /* Products */,
				96C2DBE9625CB892A933399C /* Pods */,
				500F26C5935C011EBCF4F617 /* Frameworks */,
			);
			sourceTree = "<group>";
		};
		E355808024C5A24400DCA763 /* Products */ = {
			isa = PBXGroup;
			children = (
				E355807F24C5A24400DCA763 /* Marchen.app */,
				E355809524C5A24400DCA763 /* MarchenTests.xctest */,
				E35580A024C5A24400DCA763 /* MarchenUITests.xctest */,
			);
			name = Products;
			sourceTree = "<group>";
		};
		E355808124C5A24400DCA763 /* Marchen */ = {
			isa = PBXGroup;
			children = (
				E31EDE2824DC1B2E003D98DA /* Sounds */,
				E355808B24C5A24400DCA763 /* Assets.xcassets */,
				E355808224C5A24400DCA763 /* AppDelegate.swift */,
				E355808424C5A24400DCA763 /* SceneDelegate.swift */,
				E30C02A224CEE92D00EBEEB1 /* Models */,
				E30C029F24CEE81A00EBEEB1 /* Views */,
				E30C029E24CEE81000EBEEB1 /* Controllers */,
				E355808D24C5A24400DCA763 /* LaunchScreen.storyboard */,
				E355809024C5A24400DCA763 /* Info.plist */,
				E30C02AF24CEF89D00EBEEB1 /* Constants.swift */,
			);
			path = Marchen;
			sourceTree = "<group>";
		};
		E355809824C5A24400DCA763 /* MarchenTests */ = {
			isa = PBXGroup;
			children = (
				E355809924C5A24400DCA763 /* MarchenTests.swift */,
				E355809B24C5A24400DCA763 /* Info.plist */,
			);
			path = MarchenTests;
			sourceTree = "<group>";
		};
		E35580A324C5A24400DCA763 /* MarchenUITests */ = {
			isa = PBXGroup;
			children = (
				E35580A424C5A24400DCA763 /* MarchenUITests.swift */,
				E35580A624C5A24400DCA763 /* Info.plist */,
			);
			path = MarchenUITests;
			sourceTree = "<group>";
		};
/* End PBXGroup section */

/* Begin PBXNativeTarget section */
		E355807E24C5A24400DCA763 /* Marchen */ = {
			isa = PBXNativeTarget;
			buildConfigurationList = E35580A924C5A24400DCA763 /* Build configuration list for PBXNativeTarget "Marchen" */;
			buildPhases = (
				74D539A99806C3416A3CAF5C /* [CP] Check Pods Manifest.lock */,
				E355807B24C5A24400DCA763 /* Sources */,
				E355807C24C5A24400DCA763 /* Frameworks */,
				E355807D24C5A24400DCA763 /* Resources */,
				9F2C1C48E7C859A0EB21E99B /* [CP] Embed Pods Frameworks */,
			);
			buildRules = (
			);
			dependencies = (
			);
			name = Marchen;
			productName = Marchen;
			productReference = E355807F24C5A24400DCA763 /* Marchen.app */;
			productType = "com.apple.product-type.application";
		};
		E355809424C5A24400DCA763 /* MarchenTests */ = {
			isa = PBXNativeTarget;
			buildConfigurationList = E35580AC24C5A24400DCA763 /* Build configuration list for PBXNativeTarget "MarchenTests" */;
			buildPhases = (
				14FA0DF576DEABE6E472909B /* [CP] Check Pods Manifest.lock */,
				E355809124C5A24400DCA763 /* Sources */,
				E355809224C5A24400DCA763 /* Frameworks */,
				E355809324C5A24400DCA763 /* Resources */,
			);
			buildRules = (
			);
			dependencies = (
				E355809724C5A24400DCA763 /* PBXTargetDependency */,
			);
			name = MarchenTests;
			productName = MarchenTests;
			productReference = E355809524C5A24400DCA763 /* MarchenTests.xctest */;
			productType = "com.apple.product-type.bundle.unit-test";
		};
		E355809F24C5A24400DCA763 /* MarchenUITests */ = {
			isa = PBXNativeTarget;
			buildConfigurationList = E35580AF24C5A24400DCA763 /* Build configuration list for PBXNativeTarget "MarchenUITests" */;
			buildPhases = (
				76C15F4819DF8CC3EF804EA4 /* [CP] Check Pods Manifest.lock */,
				E355809C24C5A24400DCA763 /* Sources */,
				E355809D24C5A24400DCA763 /* Frameworks */,
				E355809E24C5A24400DCA763 /* Resources */,
				8FF12D19012628BF5B81FADE /* [CP] Embed Pods Frameworks */,
			);
			buildRules = (
			);
			dependencies = (
				E35580A224C5A24400DCA763 /* PBXTargetDependency */,
			);
			name = MarchenUITests;
			productName = MarchenUITests;
			productReference = E35580A024C5A24400DCA763 /* MarchenUITests.xctest */;
			productType = "com.apple.product-type.bundle.ui-testing";
		};
/* End PBXNativeTarget section */

/* Begin PBXProject section */
		E355807724C5A24400DCA763 /* Project object */ = {
			isa = PBXProject;
			attributes = {
				LastSwiftUpdateCheck = 1160;
				LastUpgradeCheck = 1160;
				ORGANIZATIONNAME = "Seungwon Ju";
				TargetAttributes = {
					E355807E24C5A24400DCA763 = {
						CreatedOnToolsVersion = 11.6;
					};
					E355809424C5A24400DCA763 = {
						CreatedOnToolsVersion = 11.6;
						TestTargetID = E355807E24C5A24400DCA763;
					};
					E355809F24C5A24400DCA763 = {
						CreatedOnToolsVersion = 11.6;
						TestTargetID = E355807E24C5A24400DCA763;
					};
				};
			};
			buildConfigurationList = E355807A24C5A24400DCA763 /* Build configuration list for PBXProject "Marchen" */;
			compatibilityVersion = "Xcode 9.3";
			developmentRegion = en;
			hasScannedForEncodings = 0;
			knownRegions = (
				en,
				Base,
			);
			mainGroup = E355807624C5A24400DCA763;
			productRefGroup = E355808024C5A24400DCA763 /* Products */;
			projectDirPath = "";
			projectRoot = "";
			targets = (
				E355807E24C5A24400DCA763 /* Marchen */,
				E355809424C5A24400DCA763 /* MarchenTests */,
				E355809F24C5A24400DCA763 /* MarchenUITests */,
			);
		};
/* End PBXProject section */

/* Begin PBXResourcesBuildPhase section */
		E355807D24C5A24400DCA763 /* Resources */ = {
			isa = PBXResourcesBuildPhase;
			buildActionMask = 2147483647;
			files = (
				E31EDE2924DC1B2E003D98DA /* Sounds in Resources */,
				E355808F24C5A24400DCA763 /* LaunchScreen.storyboard in Resources */,
				E355808C24C5A24400DCA763 /* Assets.xcassets in Resources */,
				E30C02B824D1729C00EBEEB1 /* ChordTableViewCell.xib in Resources */,
				E355808A24C5A24400DCA763 /* Main.storyboard in Resources */,
				E30C02AE24CEF27A00EBEEB1 /* LyricLineTableViewCell.xib in Resources */,
			);
			runOnlyForDeploymentPostprocessing = 0;
		};
		E355809324C5A24400DCA763 /* Resources */ = {
			isa = PBXResourcesBuildPhase;
			buildActionMask = 2147483647;
			files = (
			);
			runOnlyForDeploymentPostprocessing = 0;
		};
		E355809E24C5A24400DCA763 /* Resources */ = {
			isa = PBXResourcesBuildPhase;
			buildActionMask = 2147483647;
			files = (
			);
			runOnlyForDeploymentPostprocessing = 0;
		};
/* End PBXResourcesBuildPhase section */

/* Begin PBXShellScriptBuildPhase section */
		14FA0DF576DEABE6E472909B /* [CP] Check Pods Manifest.lock */ = {
			isa = PBXShellScriptBuildPhase;
			buildActionMask = 2147483647;
			files = (
			);
			inputFileListPaths = (
			);
			inputPaths = (
				"${PODS_PODFILE_DIR_PATH}/Podfile.lock",
				"${PODS_ROOT}/Manifest.lock",
			);
			name = "[CP] Check Pods Manifest.lock";
			outputFileListPaths = (
			);
			outputPaths = (
				"$(DERIVED_FILE_DIR)/Pods-MarchenTests-checkManifestLockResult.txt",
			);
			runOnlyForDeploymentPostprocessing = 0;
			shellPath = /bin/sh;
			shellScript = "diff \"${PODS_PODFILE_DIR_PATH}/Podfile.lock\" \"${PODS_ROOT}/Manifest.lock\" > /dev/null\nif [ $? != 0 ] ; then\n    # print error to STDERR\n    echo \"error: The sandbox is not in sync with the Podfile.lock. Run 'pod install' or update your CocoaPods installation.\" >&2\n    exit 1\nfi\n# This output is used by Xcode 'outputs' to avoid re-running this script phase.\necho \"SUCCESS\" > \"${SCRIPT_OUTPUT_FILE_0}\"\n";
			showEnvVarsInLog = 0;
		};
		74D539A99806C3416A3CAF5C /* [CP] Check Pods Manifest.lock */ = {
			isa = PBXShellScriptBuildPhase;
			buildActionMask = 2147483647;
			files = (
			);
			inputFileListPaths = (
			);
			inputPaths = (
				"${PODS_PODFILE_DIR_PATH}/Podfile.lock",
				"${PODS_ROOT}/Manifest.lock",
			);
			name = "[CP] Check Pods Manifest.lock";
			outputFileListPaths = (
			);
			outputPaths = (
				"$(DERIVED_FILE_DIR)/Pods-Marchen-checkManifestLockResult.txt",
			);
			runOnlyForDeploymentPostprocessing = 0;
			shellPath = /bin/sh;
			shellScript = "diff \"${PODS_PODFILE_DIR_PATH}/Podfile.lock\" \"${PODS_ROOT}/Manifest.lock\" > /dev/null\nif [ $? != 0 ] ; then\n    # print error to STDERR\n    echo \"error: The sandbox is not in sync with the Podfile.lock. Run 'pod install' or update your CocoaPods installation.\" >&2\n    exit 1\nfi\n# This output is used by Xcode 'outputs' to avoid re-running this script phase.\necho \"SUCCESS\" > \"${SCRIPT_OUTPUT_FILE_0}\"\n";
			showEnvVarsInLog = 0;
		};
		76C15F4819DF8CC3EF804EA4 /* [CP] Check Pods Manifest.lock */ = {
			isa = PBXShellScriptBuildPhase;
			buildActionMask = 2147483647;
			files = (
			);
			inputFileListPaths = (
			);
			inputPaths = (
				"${PODS_PODFILE_DIR_PATH}/Podfile.lock",
				"${PODS_ROOT}/Manifest.lock",
			);
			name = "[CP] Check Pods Manifest.lock";
			outputFileListPaths = (
			);
			outputPaths = (
				"$(DERIVED_FILE_DIR)/Pods-Marchen-MarchenUITests-checkManifestLockResult.txt",
			);
			runOnlyForDeploymentPostprocessing = 0;
			shellPath = /bin/sh;
			shellScript = "diff \"${PODS_PODFILE_DIR_PATH}/Podfile.lock\" \"${PODS_ROOT}/Manifest.lock\" > /dev/null\nif [ $? != 0 ] ; then\n    # print error to STDERR\n    echo \"error: The sandbox is not in sync with the Podfile.lock. Run 'pod install' or update your CocoaPods installation.\" >&2\n    exit 1\nfi\n# This output is used by Xcode 'outputs' to avoid re-running this script phase.\necho \"SUCCESS\" > \"${SCRIPT_OUTPUT_FILE_0}\"\n";
			showEnvVarsInLog = 0;
		};
		8FF12D19012628BF5B81FADE /* [CP] Embed Pods Frameworks */ = {
			isa = PBXShellScriptBuildPhase;
			buildActionMask = 2147483647;
			files = (
			);
			inputFileListPaths = (
				"${PODS_ROOT}/Target Support Files/Pods-Marchen-MarchenUITests/Pods-Marchen-MarchenUITests-frameworks-${CONFIGURATION}-input-files.xcfilelist",
			);
			name = "[CP] Embed Pods Frameworks";
			outputFileListPaths = (
				"${PODS_ROOT}/Target Support Files/Pods-Marchen-MarchenUITests/Pods-Marchen-MarchenUITests-frameworks-${CONFIGURATION}-output-files.xcfilelist",
			);
			runOnlyForDeploymentPostprocessing = 0;
			shellPath = /bin/sh;
			shellScript = "\"${PODS_ROOT}/Target Support Files/Pods-Marchen-MarchenUITests/Pods-Marchen-MarchenUITests-frameworks.sh\"\n";
			showEnvVarsInLog = 0;
		};
		9F2C1C48E7C859A0EB21E99B /* [CP] Embed Pods Frameworks */ = {
			isa = PBXShellScriptBuildPhase;
			buildActionMask = 2147483647;
			files = (
			);
			inputFileListPaths = (
				"${PODS_ROOT}/Target Support Files/Pods-Marchen/Pods-Marchen-frameworks-${CONFIGURATION}-input-files.xcfilelist",
			);
			name = "[CP] Embed Pods Frameworks";
			outputFileListPaths = (
				"${PODS_ROOT}/Target Support Files/Pods-Marchen/Pods-Marchen-frameworks-${CONFIGURATION}-output-files.xcfilelist",
			);
			runOnlyForDeploymentPostprocessing = 0;
			shellPath = /bin/sh;
			shellScript = "\"${PODS_ROOT}/Target Support Files/Pods-Marchen/Pods-Marchen-frameworks.sh\"\n";
			showEnvVarsInLog = 0;
		};
/* End PBXShellScriptBuildPhase section */

/* Begin PBXSourcesBuildPhase section */
		E355807B24C5A24400DCA763 /* Sources */ = {
			isa = PBXSourcesBuildPhase;
			buildActionMask = 2147483647;
			files = (
				E30C029D24CEE80B00EBEEB1 /* MyRepoTableViewController.swift in Sources */,
				E30C02B724D1729C00EBEEB1 /* ChordTableViewCell.swift in Sources */,
				E3BB256024D8097D0008DB34 /* SongEngine.swift in Sources */,
				E30C02C524D2A18D00EBEEB1 /* Key.swift in Sources */,
				E355808324C5A24400DCA763 /* AppDelegate.swift in Sources */,
				E3BB255C24D2C4B50008DB34 /* ChordProgressions.swift in Sources */,
				E355808524C5A24400DCA763 /* SceneDelegate.swift in Sources */,
				E30C02C924D2A1FE00EBEEB1 /* Utils.swift in Sources */,
				E30C02CB24D2A48D00EBEEB1 /* Mode.swift in Sources */,
				E30C02A124CEE8FE00EBEEB1 /* LyricModel.swift in Sources */,
				E30C02AD24CEF27A00EBEEB1 /* LyricLineTableViewCell.swift in Sources */,
				E30C02A924CEF16200EBEEB1 /* LyricTableViewController.swift in Sources */,
				E30C02C724D2A1AA00EBEEB1 /* Diatonic.swift in Sources */,
				E31EDE2B24DC6E64003D98DA /* MyKeyboardView.swift in Sources */,
				E30C02C324D26A3600EBEEB1 /* ChordPlayViewController.swift in Sources */,
				E30C02B424D1703D00EBEEB1 /* NewSongViewController.swift in Sources */,
				E3BB255E24D806D80008DB34 /* PaddedLabel.swift in Sources */,
				E30C02B024CEF89D00EBEEB1 /* Constants.swift in Sources */,
			);
			runOnlyForDeploymentPostprocessing = 0;
		};
		E355809124C5A24400DCA763 /* Sources */ = {
			isa = PBXSourcesBuildPhase;
			buildActionMask = 2147483647;
			files = (
				E355809A24C5A24400DCA763 /* MarchenTests.swift in Sources */,
			);
			runOnlyForDeploymentPostprocessing = 0;
		};
		E355809C24C5A24400DCA763 /* Sources */ = {
			isa = PBXSourcesBuildPhase;
			buildActionMask = 2147483647;
			files = (
				E35580A524C5A24400DCA763 /* MarchenUITests.swift in Sources */,
			);
			runOnlyForDeploymentPostprocessing = 0;
		};
/* End PBXSourcesBuildPhase section */

/* Begin PBXTargetDependency section */
		E355809724C5A24400DCA763 /* PBXTargetDependency */ = {
			isa = PBXTargetDependency;
			target = E355807E24C5A24400DCA763 /* Marchen */;
			targetProxy = E355809624C5A24400DCA763 /* PBXContainerItemProxy */;
		};
		E35580A224C5A24400DCA763 /* PBXTargetDependency */ = {
			isa = PBXTargetDependency;
			target = E355807E24C5A24400DCA763 /* Marchen */;
			targetProxy = E35580A124C5A24400DCA763 /* PBXContainerItemProxy */;
		};
/* End PBXTargetDependency section */

/* Begin PBXVariantGroup section */
		E355808824C5A24400DCA763 /* Main.storyboard */ = {
			isa = PBXVariantGroup;
			children = (
				E355808924C5A24400DCA763 /* Base */,
			);
			name = Main.storyboard;
			sourceTree = "<group>";
		};
		E355808D24C5A24400DCA763 /* LaunchScreen.storyboard */ = {
			isa = PBXVariantGroup;
			children = (
				E355808E24C5A24400DCA763 /* Base */,
			);
			name = LaunchScreen.storyboard;
			sourceTree = "<group>";
		};
/* End PBXVariantGroup section */

/* Begin XCBuildConfiguration section */
		E35580A724C5A24400DCA763 /* Debug */ = {
			isa = XCBuildConfiguration;
			buildSettings = {
				ALWAYS_SEARCH_USER_PATHS = NO;
				CLANG_ANALYZER_NONNULL = YES;
				CLANG_ANALYZER_NUMBER_OBJECT_CONVERSION = YES_AGGRESSIVE;
				CLANG_CXX_LANGUAGE_STANDARD = "gnu++14";
				CLANG_CXX_LIBRARY = "libc++";
				CLANG_ENABLE_MODULES = YES;
				CLANG_ENABLE_OBJC_ARC = YES;
				CLANG_ENABLE_OBJC_WEAK = YES;
				CLANG_WARN_BLOCK_CAPTURE_AUTORELEASING = YES;
				CLANG_WARN_BOOL_CONVERSION = YES;
				CLANG_WARN_COMMA = YES;
				CLANG_WARN_CONSTANT_CONVERSION = YES;
				CLANG_WARN_DEPRECATED_OBJC_IMPLEMENTATIONS = YES;
				CLANG_WARN_DIRECT_OBJC_ISA_USAGE = YES_ERROR;
				CLANG_WARN_DOCUMENTATION_COMMENTS = YES;
				CLANG_WARN_EMPTY_BODY = YES;
				CLANG_WARN_ENUM_CONVERSION = YES;
				CLANG_WARN_INFINITE_RECURSION = YES;
				CLANG_WARN_INT_CONVERSION = YES;
				CLANG_WARN_NON_LITERAL_NULL_CONVERSION = YES;
				CLANG_WARN_OBJC_IMPLICIT_RETAIN_SELF = YES;
				CLANG_WARN_OBJC_LITERAL_CONVERSION = YES;
				CLANG_WARN_OBJC_ROOT_CLASS = YES_ERROR;
				CLANG_WARN_RANGE_LOOP_ANALYSIS = YES;
				CLANG_WARN_STRICT_PROTOTYPES = YES;
				CLANG_WARN_SUSPICIOUS_MOVE = YES;
				CLANG_WARN_UNGUARDED_AVAILABILITY = YES_AGGRESSIVE;
				CLANG_WARN_UNREACHABLE_CODE = YES;
				CLANG_WARN__DUPLICATE_METHOD_MATCH = YES;
				COPY_PHASE_STRIP = NO;
				DEBUG_INFORMATION_FORMAT = dwarf;
				ENABLE_STRICT_OBJC_MSGSEND = YES;
				ENABLE_TESTABILITY = YES;
				GCC_C_LANGUAGE_STANDARD = gnu11;
				GCC_DYNAMIC_NO_PIC = NO;
				GCC_NO_COMMON_BLOCKS = YES;
				GCC_OPTIMIZATION_LEVEL = 0;
				GCC_PREPROCESSOR_DEFINITIONS = (
					"DEBUG=1",
					"$(inherited)",
				);
				GCC_WARN_64_TO_32_BIT_CONVERSION = YES;
				GCC_WARN_ABOUT_RETURN_TYPE = YES_ERROR;
				GCC_WARN_UNDECLARED_SELECTOR = YES;
				GCC_WARN_UNINITIALIZED_AUTOS = YES_AGGRESSIVE;
				GCC_WARN_UNUSED_FUNCTION = YES;
				GCC_WARN_UNUSED_VARIABLE = YES;
				IPHONEOS_DEPLOYMENT_TARGET = 13.6;
				MTL_ENABLE_DEBUG_INFO = INCLUDE_SOURCE;
				MTL_FAST_MATH = YES;
				ONLY_ACTIVE_ARCH = YES;
				SDKROOT = iphoneos;
				SWIFT_ACTIVE_COMPILATION_CONDITIONS = DEBUG;
				SWIFT_OPTIMIZATION_LEVEL = "-Onone";
			};
			name = Debug;
		};
		E35580A824C5A24400DCA763 /* Release */ = {
			isa = XCBuildConfiguration;
			buildSettings = {
				ALWAYS_SEARCH_USER_PATHS = NO;
				CLANG_ANALYZER_NONNULL = YES;
				CLANG_ANALYZER_NUMBER_OBJECT_CONVERSION = YES_AGGRESSIVE;
				CLANG_CXX_LANGUAGE_STANDARD = "gnu++14";
				CLANG_CXX_LIBRARY = "libc++";
				CLANG_ENABLE_MODULES = YES;
				CLANG_ENABLE_OBJC_ARC = YES;
				CLANG_ENABLE_OBJC_WEAK = YES;
				CLANG_WARN_BLOCK_CAPTURE_AUTORELEASING = YES;
				CLANG_WARN_BOOL_CONVERSION = YES;
				CLANG_WARN_COMMA = YES;
				CLANG_WARN_CONSTANT_CONVERSION = YES;
				CLANG_WARN_DEPRECATED_OBJC_IMPLEMENTATIONS = YES;
				CLANG_WARN_DIRECT_OBJC_ISA_USAGE = YES_ERROR;
				CLANG_WARN_DOCUMENTATION_COMMENTS = YES;
				CLANG_WARN_EMPTY_BODY = YES;
				CLANG_WARN_ENUM_CONVERSION = YES;
				CLANG_WARN_INFINITE_RECURSION = YES;
				CLANG_WARN_INT_CONVERSION = YES;
				CLANG_WARN_NON_LITERAL_NULL_CONVERSION = YES;
				CLANG_WARN_OBJC_IMPLICIT_RETAIN_SELF = YES;
				CLANG_WARN_OBJC_LITERAL_CONVERSION = YES;
				CLANG_WARN_OBJC_ROOT_CLASS = YES_ERROR;
				CLANG_WARN_RANGE_LOOP_ANALYSIS = YES;
				CLANG_WARN_STRICT_PROTOTYPES = YES;
				CLANG_WARN_SUSPICIOUS_MOVE = YES;
				CLANG_WARN_UNGUARDED_AVAILABILITY = YES_AGGRESSIVE;
				CLANG_WARN_UNREACHABLE_CODE = YES;
				CLANG_WARN__DUPLICATE_METHOD_MATCH = YES;
				COPY_PHASE_STRIP = NO;
				DEBUG_INFORMATION_FORMAT = "dwarf-with-dsym";
				ENABLE_NS_ASSERTIONS = NO;
				ENABLE_STRICT_OBJC_MSGSEND = YES;
				GCC_C_LANGUAGE_STANDARD = gnu11;
				GCC_NO_COMMON_BLOCKS = YES;
				GCC_WARN_64_TO_32_BIT_CONVERSION = YES;
				GCC_WARN_ABOUT_RETURN_TYPE = YES_ERROR;
				GCC_WARN_UNDECLARED_SELECTOR = YES;
				GCC_WARN_UNINITIALIZED_AUTOS = YES_AGGRESSIVE;
				GCC_WARN_UNUSED_FUNCTION = YES;
				GCC_WARN_UNUSED_VARIABLE = YES;
				IPHONEOS_DEPLOYMENT_TARGET = 13.6;
				MTL_ENABLE_DEBUG_INFO = NO;
				MTL_FAST_MATH = YES;
				SDKROOT = iphoneos;
				SWIFT_COMPILATION_MODE = wholemodule;
				SWIFT_OPTIMIZATION_LEVEL = "-O";
				VALIDATE_PRODUCT = YES;
			};
			name = Release;
		};
		E35580AA24C5A24400DCA763 /* Debug */ = {
			isa = XCBuildConfiguration;
			baseConfigurationReference = A5203BCDC5A85C6E54E916A9 /* Pods-Marchen.debug.xcconfig */;
			buildSettings = {
				ASSETCATALOG_COMPILER_APPICON_NAME = AppIcon;
				CODE_SIGN_STYLE = Automatic;
				DEVELOPMENT_TEAM = ZUY57PK6P4;
				INFOPLIST_FILE = Marchen/Info.plist;
				IPHONEOS_DEPLOYMENT_TARGET = 13.0;
				LD_RUNPATH_SEARCH_PATHS = (
					"$(inherited)",
					"@executable_path/Frameworks",
				);
				PRODUCT_BUNDLE_IDENTIFIER = seungwon.Marchen;
				PRODUCT_NAME = "$(TARGET_NAME)";
				SWIFT_VERSION = 5.0;
				TARGETED_DEVICE_FAMILY = "1,2";
			};
			name = Debug;
		};
		E35580AB24C5A24400DCA763 /* Release */ = {
			isa = XCBuildConfiguration;
			baseConfigurationReference = 5669ECAA37933777A4EA5A64 /* Pods-Marchen.release.xcconfig */;
			buildSettings = {
				ASSETCATALOG_COMPILER_APPICON_NAME = AppIcon;
				CODE_SIGN_STYLE = Automatic;
				DEVELOPMENT_TEAM = ZUY57PK6P4;
				INFOPLIST_FILE = Marchen/Info.plist;
				IPHONEOS_DEPLOYMENT_TARGET = 13.0;
				LD_RUNPATH_SEARCH_PATHS = (
					"$(inherited)",
					"@executable_path/Frameworks",
				);
				PRODUCT_BUNDLE_IDENTIFIER = seungwon.Marchen;
				PRODUCT_NAME = "$(TARGET_NAME)";
				SWIFT_VERSION = 5.0;
				TARGETED_DEVICE_FAMILY = "1,2";
			};
			name = Release;
		};
		E35580AD24C5A24400DCA763 /* Debug */ = {
			isa = XCBuildConfiguration;
			baseConfigurationReference = E3C58BD1F71E32FC0AE9A2C5 /* Pods-MarchenTests.debug.xcconfig */;
			buildSettings = {
				ALWAYS_EMBED_SWIFT_STANDARD_LIBRARIES = YES;
				BUNDLE_LOADER = "$(TEST_HOST)";
				CODE_SIGN_STYLE = Automatic;
				DEVELOPMENT_TEAM = ZUY57PK6P4;
				INFOPLIST_FILE = MarchenTests/Info.plist;
				IPHONEOS_DEPLOYMENT_TARGET = 13.6;
				LD_RUNPATH_SEARCH_PATHS = (
					"$(inherited)",
					"@executable_path/Frameworks",
					"@loader_path/Frameworks",
				);
				PRODUCT_BUNDLE_IDENTIFIER = seungwon.MarchenTests;
				PRODUCT_NAME = "$(TARGET_NAME)";
				SWIFT_VERSION = 5.0;
				TARGETED_DEVICE_FAMILY = "1,2";
				TEST_HOST = "$(BUILT_PRODUCTS_DIR)/Marchen.app/Marchen";
			};
			name = Debug;
		};
		E35580AE24C5A24400DCA763 /* Release */ = {
			isa = XCBuildConfiguration;
			baseConfigurationReference = D60685C7211C8A9AC270E0D2 /* Pods-MarchenTests.release.xcconfig */;
			buildSettings = {
				ALWAYS_EMBED_SWIFT_STANDARD_LIBRARIES = YES;
				BUNDLE_LOADER = "$(TEST_HOST)";
				CODE_SIGN_STYLE = Automatic;
				DEVELOPMENT_TEAM = ZUY57PK6P4;
				INFOPLIST_FILE = MarchenTests/Info.plist;
				IPHONEOS_DEPLOYMENT_TARGET = 13.6;
				LD_RUNPATH_SEARCH_PATHS = (
					"$(inherited)",
					"@executable_path/Frameworks",
					"@loader_path/Frameworks",
				);
				PRODUCT_BUNDLE_IDENTIFIER = seungwon.MarchenTests;
				PRODUCT_NAME = "$(TARGET_NAME)";
				SWIFT_VERSION = 5.0;
				TARGETED_DEVICE_FAMILY = "1,2";
				TEST_HOST = "$(BUILT_PRODUCTS_DIR)/Marchen.app/Marchen";
			};
			name = Release;
		};
		E35580B024C5A24400DCA763 /* Debug */ = {
			isa = XCBuildConfiguration;
			baseConfigurationReference = 9ECFD253B381B0926E2EF54F /* Pods-Marchen-MarchenUITests.debug.xcconfig */;
			buildSettings = {
				ALWAYS_EMBED_SWIFT_STANDARD_LIBRARIES = YES;
				CODE_SIGN_STYLE = Automatic;
				DEVELOPMENT_TEAM = ZUY57PK6P4;
				INFOPLIST_FILE = MarchenUITests/Info.plist;
				LD_RUNPATH_SEARCH_PATHS = (
					"$(inherited)",
					"@executable_path/Frameworks",
					"@loader_path/Frameworks",
				);
				PRODUCT_BUNDLE_IDENTIFIER = seungwon.MarchenUITests;
				PRODUCT_NAME = "$(TARGET_NAME)";
				SWIFT_VERSION = 5.0;
				TARGETED_DEVICE_FAMILY = "1,2";
				TEST_TARGET_NAME = Marchen;
			};
			name = Debug;
		};
		E35580B124C5A24400DCA763 /* Release */ = {
			isa = XCBuildConfiguration;
			baseConfigurationReference = D4983F8D7C2F9133A6DFC5A4 /* Pods-Marchen-MarchenUITests.release.xcconfig */;
			buildSettings = {
				ALWAYS_EMBED_SWIFT_STANDARD_LIBRARIES = YES;
				CODE_SIGN_STYLE = Automatic;
				DEVELOPMENT_TEAM = ZUY57PK6P4;
				INFOPLIST_FILE = MarchenUITests/Info.plist;
				LD_RUNPATH_SEARCH_PATHS = (
					"$(inherited)",
					"@executable_path/Frameworks",
					"@loader_path/Frameworks",
				);
				PRODUCT_BUNDLE_IDENTIFIER = seungwon.MarchenUITests;
				PRODUCT_NAME = "$(TARGET_NAME)";
				SWIFT_VERSION = 5.0;
				TARGETED_DEVICE_FAMILY = "1,2";
				TEST_TARGET_NAME = Marchen;
			};
			name = Release;
		};
/* End XCBuildConfiguration section */

/* Begin XCConfigurationList section */
		E355807A24C5A24400DCA763 /* Build configuration list for PBXProject "Marchen" */ = {
			isa = XCConfigurationList;
			buildConfigurations = (
				E35580A724C5A24400DCA763 /* Debug */,
				E35580A824C5A24400DCA763 /* Release */,
			);
			defaultConfigurationIsVisible = 0;
			defaultConfigurationName = Release;
		};
		E35580A924C5A24400DCA763 /* Build configuration list for PBXNativeTarget "Marchen" */ = {
			isa = XCConfigurationList;
			buildConfigurations = (
				E35580AA24C5A24400DCA763 /* Debug */,
				E35580AB24C5A24400DCA763 /* Release */,
			);
			defaultConfigurationIsVisible = 0;
			defaultConfigurationName = Release;
		};
		E35580AC24C5A24400DCA763 /* Build configuration list for PBXNativeTarget "MarchenTests" */ = {
			isa = XCConfigurationList;
			buildConfigurations = (
				E35580AD24C5A24400DCA763 /* Debug */,
				E35580AE24C5A24400DCA763 /* Release */,
			);
			defaultConfigurationIsVisible = 0;
			defaultConfigurationName = Release;
		};
		E35580AF24C5A24400DCA763 /* Build configuration list for PBXNativeTarget "MarchenUITests" */ = {
			isa = XCConfigurationList;
			buildConfigurations = (
				E35580B024C5A24400DCA763 /* Debug */,
				E35580B124C5A24400DCA763 /* Release */,
			);
			defaultConfigurationIsVisible = 0;
			defaultConfigurationName = Release;
		};
/* End XCConfigurationList section */
	};
	rootObject = E355807724C5A24400DCA763 /* Project object */;
}
